
Microsoft Visual Studio Solution File, Format Version 12.00
# Visual Studio Version 17
VisualStudioVersion = 17.3.32901.215
MinimumVisualStudioVersion = 10.0.40219.1
Project("{9A19103F-16F7-4668-BE54-9A1E7A4F7556}") = "Tibia.Domain", "Tibia.Domain\Tibia.Domain.csproj", "{0FDCC7A4-857B-4083-A211-E0CD4ABB066F}"
EndProject
Project("{9A19103F-16F7-4668-BE54-9A1E7A4F7556}") = "Tibia.Infrastructure", "Tibia.Infrastructure\Tibia.Infrastructure.csproj", "{70E736AF-0455-4B04-8D1D-0DF879F43D25}"
EndProject
Project("{9A19103F-16F7-4668-BE54-9A1E7A4F7556}") = "Tibia.MongoDB", "Tibia.MongoDB\Tibia.MongoDB.csproj", "{46C1BB24-0A30-4598-8576-A597AFFFC16E}"
EndProject
Project("{2150E333-8FDC-42A3-9474-1A3956D46DE8}") = "Itens de Solução", "Itens de Solução", "{42B8A996-6F5E-428A-B367-F2768F30BBAD}"
	ProjectSection(SolutionItems) = preProject
		.gitignore = .gitignore
	EndProjectSection
EndProject
Project("{9A19103F-16F7-4668-BE54-9A1E7A4F7556}") = "AuctionCrowler.Api", "AuctionCrowler.Api\AuctionCrowler.Api.csproj", "{0A9D52E9-D596-43F5-B4F8-827EBB55481E}"
EndProject
Global
	GlobalSection(SolutionConfigurationPlatforms) = preSolution
		Debug|Any CPU = Debug|Any CPU
		Release|Any CPU = Release|Any CPU
	EndGlobalSection
	GlobalSection(ProjectConfigurationPlatforms) = postSolution
		{0FDCC7A4-857B-4083-A211-E0CD4ABB066F}.Debug|Any CPU.ActiveCfg = Debug|Any CPU
		{0FDCC7A4-857B-4083-A211-E0CD4ABB066F}.Debug|Any CPU.Build.0 = Debug|Any CPU
		{0FDCC7A4-857B-4083-A211-E0CD4ABB066F}.Release|Any CPU.ActiveCfg = Release|Any CPU
		{0FDCC7A4-857B-4083-A211-E0CD4ABB066F}.Release|Any CPU.Build.0 = Release|Any CPU
		{70E736AF-0455-4B04-8D1D-0DF879F43D25}.Debug|Any CPU.ActiveCfg = Debug|Any CPU
		{70E736AF-0455-4B04-8D1D-0DF879F43D25}.Debug|Any CPU.Build.0 = Debug|Any CPU
		{70E736AF-0455-4B04-8D1D-0DF879F43D25}.Release|Any CPU.ActiveCfg = Release|Any CPU
		{70E736AF-0455-4B04-8D1D-0DF879F43D25}.Release|Any CPU.Build.0 = Release|Any CPU
		{46C1BB24-0A30-4598-8576-A597AFFFC16E}.Debug|Any CPU.ActiveCfg = Debug|Any CPU
		{46C1BB24-0A30-4598-8576-A597AFFFC16E}.Debug|Any CPU.Build.0 = Debug|Any CPU
		{46C1BB24-0A30-4598-8576-A597AFFFC16E}.Release|Any CPU.ActiveCfg = Release|Any CPU
		{46C1BB24-0A30-4598-8576-A597AFFFC16E}.Release|Any CPU.Build.0 = Release|Any CPU
		{0A9D52E9-D596-43F5-B4F8-827EBB55481E}.Debug|Any CPU.ActiveCfg = Debug|Any CPU
		{0A9D52E9-D596-43F5-B4F8-827EBB55481E}.Debug|Any CPU.Build.0 = Debug|Any CPU
		{0A9D52E9-D596-43F5-B4F8-827EBB55481E}.Release|Any CPU.ActiveCfg = Release|Any CPU
		{0A9D52E9-D596-43F5-B4F8-827EBB55481E}.Release|Any CPU.Build.0 = Release|Any CPU
	EndGlobalSection
	GlobalSection(SolutionProperties) = preSolution
		HideSolutionNode = FALSE
	EndGlobalSection
	GlobalSection(ExtensibilityGlobals) = postSolution
		SolutionGuid = {952B0F7F-110A-49C5-ADBA-C35F870EE390}
	EndGlobalSection
EndGlobal
