
Microsoft Visual Studio Solution File, Format Version 12.00
# Visual Studio Version 17
VisualStudioVersion = 17.3.32901.215
MinimumVisualStudioVersion = 10.0.40219.1
Project("{9A19103F-16F7-4668-BE54-9A1E7A4F7556}") = "AuctionCrowler", "AuctionCrowler\AuctionCrowler.csproj", "{B7ABD9E7-508D-4CA0-A25A-EB897CBA57E0}"
EndProject
Project("{9A19103F-16F7-4668-BE54-9A1E7A4F7556}") = "Tibia.Domain", "Tibia.Domain\Tibia.Domain.csproj", "{0FDCC7A4-857B-4083-A211-E0CD4ABB066F}"
EndProject
Project("{9A19103F-16F7-4668-BE54-9A1E7A4F7556}") = "Tibia.Infrastructure", "Tibia.Infrastructure\Tibia.Infrastructure.csproj", "{70E736AF-0455-4B04-8D1D-0DF879F43D25}"
EndProject
Project("{9A19103F-16F7-4668-BE54-9A1E7A4F7556}") = "tibia.console", "tibia.console\tibia.console.csproj", "{5B6CB241-AAF7-4961-B93C-A4EDC6FF6985}"
EndProject
Project("{FAE04EC0-301F-11D3-BF4B-00C04F79EFBC}") = "Tibia.MongoDB", "Tibia.MongoDB\Tibia.MongoDB.csproj", "{46C1BB24-0A30-4598-8576-A597AFFFC16E}"
EndProject
Global
	GlobalSection(SolutionConfigurationPlatforms) = preSolution
		Debug|Any CPU = Debug|Any CPU
		Release|Any CPU = Release|Any CPU
	EndGlobalSection
	GlobalSection(ProjectConfigurationPlatforms) = postSolution
		{B7ABD9E7-508D-4CA0-A25A-EB897CBA57E0}.Debug|Any CPU.ActiveCfg = Debug|Any CPU
		{B7ABD9E7-508D-4CA0-A25A-EB897CBA57E0}.Debug|Any CPU.Build.0 = Debug|Any CPU
		{B7ABD9E7-508D-4CA0-A25A-EB897CBA57E0}.Release|Any CPU.ActiveCfg = Release|Any CPU
		{B7ABD9E7-508D-4CA0-A25A-EB897CBA57E0}.Release|Any CPU.Build.0 = Release|Any CPU
		{0FDCC7A4-857B-4083-A211-E0CD4ABB066F}.Debug|Any CPU.ActiveCfg = Debug|Any CPU
		{0FDCC7A4-857B-4083-A211-E0CD4ABB066F}.Debug|Any CPU.Build.0 = Debug|Any CPU
		{0FDCC7A4-857B-4083-A211-E0CD4ABB066F}.Release|Any CPU.ActiveCfg = Release|Any CPU
		{0FDCC7A4-857B-4083-A211-E0CD4ABB066F}.Release|Any CPU.Build.0 = Release|Any CPU
		{70E736AF-0455-4B04-8D1D-0DF879F43D25}.Debug|Any CPU.ActiveCfg = Debug|Any CPU
		{70E736AF-0455-4B04-8D1D-0DF879F43D25}.Debug|Any CPU.Build.0 = Debug|Any CPU
		{70E736AF-0455-4B04-8D1D-0DF879F43D25}.Release|Any CPU.ActiveCfg = Release|Any CPU
		{70E736AF-0455-4B04-8D1D-0DF879F43D25}.Release|Any CPU.Build.0 = Release|Any CPU
		{5B6CB241-AAF7-4961-B93C-A4EDC6FF6985}.Debug|Any CPU.ActiveCfg = Debug|Any CPU
		{5B6CB241-AAF7-4961-B93C-A4EDC6FF6985}.Debug|Any CPU.Build.0 = Debug|Any CPU
		{5B6CB241-AAF7-4961-B93C-A4EDC6FF6985}.Release|Any CPU.ActiveCfg = Release|Any CPU
		{5B6CB241-AAF7-4961-B93C-A4EDC6FF6985}.Release|Any CPU.Build.0 = Release|Any CPU
		{46C1BB24-0A30-4598-8576-A597AFFFC16E}.Debug|Any CPU.ActiveCfg = Debug|Any CPU
		{46C1BB24-0A30-4598-8576-A597AFFFC16E}.Debug|Any CPU.Build.0 = Debug|Any CPU
		{46C1BB24-0A30-4598-8576-A597AFFFC16E}.Release|Any CPU.ActiveCfg = Release|Any CPU
		{46C1BB24-0A30-4598-8576-A597AFFFC16E}.Release|Any CPU.Build.0 = Release|Any CPU
	EndGlobalSection
	GlobalSection(SolutionProperties) = preSolution
		HideSolutionNode = FALSE
	EndGlobalSection
	GlobalSection(ExtensibilityGlobals) = postSolution
		SolutionGuid = {952B0F7F-110A-49C5-ADBA-C35F870EE390}
	EndGlobalSection
EndGlobal
